
Microsoft Visual Studio Solution File, Format Version 12.00
# Visual Studio 2013
VisualStudioVersion = 12.0.30723.0
MinimumVisualStudioVersion = 10.0.40219.1
Project("{FAE04EC0-301F-11D3-BF4B-00C04F79EFBC}") = "WebApplication1", "WebApplication1\WebApplication1.csproj", "{9E999A23-6A97-4040-BD0C-F7CE88E49EDC}"
EndProject
Project("{FAE04EC0-301F-11D3-BF4B-00C04F79EFBC}") = "CF.Models", "CF.Models\CF.Models.csproj", "{6FA406EF-F300-4B69-90BD-E14EF29F0382}"
EndProject
Project("{FAE04EC0-301F-11D3-BF4B-00C04F79EFBC}") = "CF.Data", "CF.Data\CF.Data.csproj", "{508DAB13-BB94-46B7-99AB-5B7A5627E9B7}"
EndProject
Project("{FAE04EC0-301F-11D3-BF4B-00C04F79EFBC}") = "CF.EntityManagers", "CF.EntityManagers\CF.EntityManagers.csproj", "{B7DF280E-D0FB-4BFC-88F5-BAC07DEF4015}"
EndProject
Project("{FAE04EC0-301F-11D3-BF4B-00C04F79EFBC}") = "CF.POCOGenerator", "CF.POCOGenerator\CF.POCOGenerator.csproj", "{61296AEC-1835-4FCC-8482-912083E3D599}"
EndProject
Project("{FAE04EC0-301F-11D3-BF4B-00C04F79EFBC}") = "CF.Public", "CF.Public\CF.Public.csproj", "{0BD7CBF1-4D8E-416F-9049-93839A1745E4}"
EndProject
Global
	GlobalSection(SolutionConfigurationPlatforms) = preSolution
		Debug|Any CPU = Debug|Any CPU
		Release|Any CPU = Release|Any CPU
	EndGlobalSection
	GlobalSection(ProjectConfigurationPlatforms) = postSolution
		{9E999A23-6A97-4040-BD0C-F7CE88E49EDC}.Debug|Any CPU.ActiveCfg = Debug|Any CPU
		{9E999A23-6A97-4040-BD0C-F7CE88E49EDC}.Debug|Any CPU.Build.0 = Debug|Any CPU
		{9E999A23-6A97-4040-BD0C-F7CE88E49EDC}.Release|Any CPU.ActiveCfg = Release|Any CPU
		{9E999A23-6A97-4040-BD0C-F7CE88E49EDC}.Release|Any CPU.Build.0 = Release|Any CPU
		{6FA406EF-F300-4B69-90BD-E14EF29F0382}.Debug|Any CPU.ActiveCfg = Debug|Any CPU
		{6FA406EF-F300-4B69-90BD-E14EF29F0382}.Debug|Any CPU.Build.0 = Debug|Any CPU
		{6FA406EF-F300-4B69-90BD-E14EF29F0382}.Release|Any CPU.ActiveCfg = Release|Any CPU
		{6FA406EF-F300-4B69-90BD-E14EF29F0382}.Release|Any CPU.Build.0 = Release|Any CPU
		{508DAB13-BB94-46B7-99AB-5B7A5627E9B7}.Debug|Any CPU.ActiveCfg = Debug|Any CPU
		{508DAB13-BB94-46B7-99AB-5B7A5627E9B7}.Debug|Any CPU.Build.0 = Debug|Any CPU
		{508DAB13-BB94-46B7-99AB-5B7A5627E9B7}.Release|Any CPU.ActiveCfg = Release|Any CPU
		{508DAB13-BB94-46B7-99AB-5B7A5627E9B7}.Release|Any CPU.Build.0 = Release|Any CPU
		{B7DF280E-D0FB-4BFC-88F5-BAC07DEF4015}.Debug|Any CPU.ActiveCfg = Debug|Any CPU
		{B7DF280E-D0FB-4BFC-88F5-BAC07DEF4015}.Debug|Any CPU.Build.0 = Debug|Any CPU
		{B7DF280E-D0FB-4BFC-88F5-BAC07DEF4015}.Release|Any CPU.ActiveCfg = Release|Any CPU
		{B7DF280E-D0FB-4BFC-88F5-BAC07DEF4015}.Release|Any CPU.Build.0 = Release|Any CPU
		{61296AEC-1835-4FCC-8482-912083E3D599}.Debug|Any CPU.ActiveCfg = Debug|Any CPU
		{61296AEC-1835-4FCC-8482-912083E3D599}.Debug|Any CPU.Build.0 = Debug|Any CPU
		{61296AEC-1835-4FCC-8482-912083E3D599}.Release|Any CPU.ActiveCfg = Release|Any CPU
		{61296AEC-1835-4FCC-8482-912083E3D599}.Release|Any CPU.Build.0 = Release|Any CPU
		{0BD7CBF1-4D8E-416F-9049-93839A1745E4}.Debug|Any CPU.ActiveCfg = Debug|Any CPU
		{0BD7CBF1-4D8E-416F-9049-93839A1745E4}.Debug|Any CPU.Build.0 = Debug|Any CPU
		{0BD7CBF1-4D8E-416F-9049-93839A1745E4}.Release|Any CPU.ActiveCfg = Release|Any CPU
		{0BD7CBF1-4D8E-416F-9049-93839A1745E4}.Release|Any CPU.Build.0 = Release|Any CPU
	EndGlobalSection
	GlobalSection(SolutionProperties) = preSolution
		HideSolutionNode = FALSE
	EndGlobalSection
EndGlobal
